<?xml version="1.0" encoding="utf-8"?>
<Project ToolsVersion="4.0" xmlns="http://schemas.microsoft.com/developer/msbuild/2003">
  <ItemGroup>
    <Filter Include="include">
      <UniqueIdentifier>{6d0783c7-1d68-4be5-84a0-f4bc64db2b57}</UniqueIdentifier>
    </Filter>
    <Filter Include="src">
      <UniqueIdentifier>{565aaac7-9aef-49fb-a39d-208dfbac6905}</UniqueIdentifier>
    </Filter>
    <Filter Include="lib">
      <UniqueIdentifier>{bd1b816e-a404-4891-927a-5b5bdbc8eac8}</UniqueIdentifier>
    </Filter>
    <Filter Include="assets">
      <UniqueIdentifier>{67e6349c-5151-4700-9be3-107e9a11d993}</UniqueIdentifier>
    </Filter>
    <Filter Include="docs">
      <UniqueIdentifier>{a258a7a4-b43b-439a-9ba5-d5c785fff85f}</UniqueIdentifier>
    </Filter>
    <Filter Include="assets\Sprites">
      <UniqueIdentifier>{6089dfd6-f126-450f-814b-9888291820f2}</UniqueIdentifier>
    </Filter>
    <Filter Include="assets\Audio">
      <UniqueIdentifier>{b0730d51-1d57-4375-8da5-2487571c30ba}</UniqueIdentifier>
    </Filter>
    <Filter Include="ETSIDI">
      <UniqueIdentifier>{a460dea5-461c-45e7-b2eb-9186eda55fce}</UniqueIdentifier>
    </Filter>
    <Filter Include="bin">
      <UniqueIdentifier>{1cc42ab5-8e73-43e5-a1a3-597c137c9896}</UniqueIdentifier>
    </Filter>
  </ItemGroup>
  <ItemGroup>
    <ClInclude Include="include\ETSIDI.h" />
    <ClInclude Include="include\freeglut.h" />
    <ClInclude Include="include\menu.h" />
    <ClInclude Include="include\animal.h" />
    <ClInclude Include="include\arena.h" />
    <ClInclude Include="include\juego.h" />
    <ClInclude Include="include\renderizador.h" />
    <ClInclude Include="include\tablero.h" />
    <ClInclude Include="include\cabra.h" />
    <ClInclude Include="include\transicion.h" />
    <ClInclude Include="include\cursor.h" />
    <ClInclude Include="include\tarjetaID.h" />
    <ClInclude Include="include\gallina.h" />
    <ClInclude Include="include\creditos.h" />
    <ClInclude Include="include\controles.h" />
    <ClInclude Include="include\jugador.h" />
    <ClInclude Include="include\estructuras.h" />
    <ClInclude Include="include\RenderizadorAudio.h" />
    <ClInclude Include="include\oveja.h" />
    <ClInclude Include="include\cerdo.h" />
    <ClInclude Include="include\llama.h" />
    <ClInclude Include="include\granjero.h" />
    <ClInclude Include="include\ganador.h" />
  </ItemGroup>
  <ItemGroup>
    <None Include="docs\cuadernoBitacora.md">
      <Filter>docs</Filter>
    </None>
    <None Include="bin\assets\Audio\ranchoMainTheme.mpeg">
      <Filter>assets\Audio</Filter>
    </None>
    <None Include="bin\ETSIDI.dll">
      <Filter>bin</Filter>
    </None>
    <None Include="bin\fmodL.dll">
      <Filter>bin</Filter>
    </None>
    <None Include="bin\freeglut.dll">
      <Filter>bin</Filter>
    </None>
    <None Include="docs\GitFlow Workflow.pdf" />
    <None Include="lib\ETSIDI.exp" />
    <None Include="docs\ETSIDIlib.pdf" />
  </ItemGroup>
  <ItemGroup>
    <ClCompile Include="src\main.cpp">
      <Filter>src</Filter>
    </ClCompile>
    <ClCompile Include="src\menu.cpp" />
    <ClCompile Include="src\animal.cpp" />
    <ClCompile Include="src\arena.cpp" />
    <ClCompile Include="src\juego.cpp" />
    <ClCompile Include="src\renderizador.cpp" />
    <ClCompile Include="src\tablero.cpp" />
    <ClCompile Include="src\cabra.cpp" />
    <ClCompile Include="src\transicion.cpp" />
    <ClCompile Include="src\cursor.cpp" />
    <ClCompile Include="src\tarjetaID.cpp" />
    <ClCompile Include="src\gallina.cpp" />
    <ClCompile Include="src\creditos.cpp" />
    <ClCompile Include="src\controles.cpp" />
    <ClCompile Include="src\jugador.cpp" />
    <ClCompile Include="src\RenderizadorAudio.cpp" />
    <ClCompile Include="src\ganador.cpp" />
  </ItemGroup>
  <ItemGroup>
    <Library Include="lib\ETSIDI.lib">
      <Filter>lib</Filter>
    </Library>
    <Library Include="lib\freeglut.lib">
      <Filter>lib</Filter>
    </Library>
  </ItemGroup>
  <ItemGroup>
    <Text Include="src\old\CopiaDibujoAnterior" />
    <Text Include="src\old\Funciones tablero david.txt" />
    <Text Include="src\old\zzz.txt" />
  </ItemGroup>
  <ItemGroup>
    <Image Include="assets\Sprites\menu\titulo0.png" />
  </ItemGroup>
</Project>